
Microsoft Visual Studio Solution File, Format Version 12.00
# Visual Studio Version 17
VisualStudioVersion = 17.5.002.0
MinimumVisualStudioVersion = 10.0.40219.1
Project("{9A19103F-16F7-4668-BE54-9A1E7A4F7556}") = "backend", "backend\backend.csproj", "{4C350E08-8DF5-4FD1-96F4-DB78966F202F}"
EndProject
Project("{9A19103F-16F7-4668-BE54-9A1E7A4F7556}") = "backend2", "backend2\backend2.csproj", "{26818CF5-524D-434D-81DE-1B433FA53506}"
EndProject
Global
	GlobalSection(SolutionConfigurationPlatforms) = preSolution
		Debug|Any CPU = Debug|Any CPU
		Release|Any CPU = Release|Any CPU
	EndGlobalSection
	GlobalSection(ProjectConfigurationPlatforms) = postSolution
		{4C350E08-8DF5-4FD1-96F4-DB78966F202F}.Debug|Any CPU.ActiveCfg = Debug|Any CPU
		{4C350E08-8DF5-4FD1-96F4-DB78966F202F}.Debug|Any CPU.Build.0 = Debug|Any CPU
		{4C350E08-8DF5-4FD1-96F4-DB78966F202F}.Release|Any CPU.ActiveCfg = Release|Any CPU
		{4C350E08-8DF5-4FD1-96F4-DB78966F202F}.Release|Any CPU.Build.0 = Release|Any CPU
		{26818CF5-524D-434D-81DE-1B433FA53506}.Debug|Any CPU.ActiveCfg = Debug|Any CPU
		{26818CF5-524D-434D-81DE-1B433FA53506}.Debug|Any CPU.Build.0 = Debug|Any CPU
		{26818CF5-524D-434D-81DE-1B433FA53506}.Release|Any CPU.ActiveCfg = Release|Any CPU
		{26818CF5-524D-434D-81DE-1B433FA53506}.Release|Any CPU.Build.0 = Release|Any CPU
	EndGlobalSection
	GlobalSection(SolutionProperties) = preSolution
		HideSolutionNode = FALSE
	EndGlobalSection
	GlobalSection(ExtensibilityGlobals) = postSolution
		SolutionGuid = {223BAE76-004E-4503-9D6C-49B92D1FFCB5}
	EndGlobalSection
EndGlobal
